<Solution>
  <Project Path="Loquacio.Core/Loquacio.Core.csproj" />
  <Project Path="CrossPlatformTestConsole/CrossPlatformTestConsole.csproj" />
  <Project Path="TestConsole/TestConsole.csproj" />
  <Project Path="Loquacio.Daemon/Loquacio.Daemon.csproj" />
  <Project Path="Loquacio.Shared/Loquacio.Shared.csproj" />
  <Project Path="Loquacio.Tests/Loquacio.Tests.csproj" />
  <Project Path="Loquacio.Tui/Loquacio.Tui.csproj" />
  <Project Path="Loquacio/Loquacio.csproj" />
  <Project Path="Loquacio.Avalonia/Loquacio.Avalonia.csproj" />
  <Project Path="Loquacio.Wpf.Tests/Loquacio.Wpf.Tests.csproj" />
</Solution>
